{
    "_meta": {
        "hash": {
            "sha256": "34ab99c327252bf8ee0d68578c031f995d7ea7df7ddff2a4685ecfd308f3c031"
        },
        "pipfile-spec": 6,
        "requires": {
            "python_version": "3.9"
        },
        "sources": [
            {
                "name": "pypi",
                "url": "https://pypi.org/simple",
                "verify_ssl": true
            }
        ]
    },
    "default": {
        "pypdf2": {
            "hashes": [
                "sha256:04b41aa7606cba04791bee054fbc02c7614eca1896a682878357ef01e99f3151",
                "sha256:7afe765b39e848c519e4dcdcbae345c9b20f70844b07b9a9cf1e610541d8a728"
            ],
            "index": "pypi",
            "version": "==2.4.0"
        },
        "typing-extensions": {
            "hashes": [
                "sha256:6657594ee297170d19f67d55c05852a874e7eb634f4f753dbd667855e07c1708",
                "sha256:f1c24655a0da0d1b67f07e17a5e6b2a105894e6824b92096378bb3668ef02376"
            ],
            "markers": "python_version < '3.10'",
            "version": "==4.2.0"
        }
    },
    "develop": {}
}
